// !$*UTF8*$!
{
	archiveVersion = 1;
	classes = {
	};
	objectVersion = 50;
	objects = {

/* Begin PBXBuildFile section */
		6641D4AB21E535CC00949934 /* AppDelegate.m in Sources */ = {isa = PBXBuildFile; fileRef = 6641D4AA21E535CC00949934 /* AppDelegate.m */; };
		6641D4B121E535CC00949934 /* Main.storyboard in Resources */ = {isa = PBXBuildFile; fileRef = 6641D4AF21E535CC00949934 /* Main.storyboard */; };
		6641D4B321E535CC00949934 /* Assets.xcassets in Resources */ = {isa = PBXBuildFile; fileRef = 6641D4B221E535CC00949934 /* Assets.xcassets */; };
		6641D4B621E535CC00949934 /* LaunchScreen.storyboard in Resources */ = {isa = PBXBuildFile; fileRef = 6641D4B421E535CC00949934 /* LaunchScreen.storyboard */; };
		6641D4B921E535CC00949934 /* main.m in Sources */ = {isa = PBXBuildFile; fileRef = 6641D4B821E535CC00949934 /* main.m */; };
		6641D4C021E5431700949934 /* TableViewController.m in Sources */ = {isa = PBXBuildFile; fileRef = 6641D4BF21E5431700949934 /* TableViewController.m */; };
		6641D4C721E5480500949934 /* Album.m in Sources */ = {isa = PBXBuildFile; fileRef = 6641D4C621E5480500949934 /* Album.m */; };
		6641D4CE21E661C600949934 /* TableModel.m in Sources */ = {isa = PBXBuildFile; fileRef = 6641D4CC21E661C500949934 /* TableModel.m */; };
/* End PBXBuildFile section */

/* Begin PBXFileReference section */
		6641D4A621E535CC00949934 /* AlbumObjC.app */ = {isa = PBXFileReference; explicitFileType = wrapper.application; includeInIndex = 0; path = AlbumObjC.app; sourceTree = BUILT_PRODUCTS_DIR; };
		6641D4A921E535CC00949934 /* AppDelegate.h */ = {isa = PBXFileReference; lastKnownFileType = sourcecode.c.h; path = AppDelegate.h; sourceTree = "<group>"; };
		6641D4AA21E535CC00949934 /* AppDelegate.m */ = {isa = PBXFileReference; lastKnownFileType = sourcecode.c.objc; path = AppDelegate.m; sourceTree = "<group>"; };
		6641D4B021E535CC00949934 /* Base */ = {isa = PBXFileReference; lastKnownFileType = file.storyboard; name = Base; path = Base.lproj/Main.storyboard; sourceTree = "<group>"; };
		6641D4B221E535CC00949934 /* Assets.xcassets */ = {isa = PBXFileReference; lastKnownFileType = folder.assetcatalog; path = Assets.xcassets; sourceTree = "<group>"; };
		6641D4B521E535CC00949934 /* Base */ = {isa = PBXFileReference; lastKnownFileType = file.storyboard; name = Base; path = Base.lproj/LaunchScreen.storyboard; sourceTree = "<group>"; };
		6641D4B721E535CC00949934 /* Info.plist */ = {isa = PBXFileReference; lastKnownFileType = text.plist.xml; path = Info.plist; sourceTree = "<group>"; };
		6641D4B821E535CC00949934 /* main.m */ = {isa = PBXFileReference; lastKnownFileType = sourcecode.c.objc; path = main.m; sourceTree = "<group>"; };
		6641D4BF21E5431700949934 /* TableViewController.m */ = {isa = PBXFileReference; lastKnownFileType = sourcecode.c.objc; path = TableViewController.m; sourceTree = "<group>"; };
		6641D4C121E5432700949934 /* TableViewController.h */ = {isa = PBXFileReference; lastKnownFileType = sourcecode.c.h; path = TableViewController.h; sourceTree = "<group>"; };
		6641D4C521E5477000949934 /* Album.h */ = {isa = PBXFileReference; lastKnownFileType = sourcecode.c.h; path = Album.h; sourceTree = "<group>"; };
		6641D4C621E5480500949934 /* Album.m */ = {isa = PBXFileReference; lastKnownFileType = sourcecode.c.objc; path = Album.m; sourceTree = "<group>"; };
		6641D4CC21E661C500949934 /* TableModel.m */ = {isa = PBXFileReference; fileEncoding = 4; lastKnownFileType = sourcecode.c.objc; path = TableModel.m; sourceTree = "<group>"; };
		6641D4CD21E661C500949934 /* TableModel.h */ = {isa = PBXFileReference; fileEncoding = 4; lastKnownFileType = sourcecode.c.h; path = TableModel.h; sourceTree = "<group>"; };
/* End PBXFileReference section */

/* Begin PBXFrameworksBuildPhase section */
		6641D4A321E535CC00949934 /* Frameworks */ = {
			isa = PBXFrameworksBuildPhase;
			buildActionMask = 2147483647;
			files = (
			);
			runOnlyForDeploymentPostprocessing = 0;
		};
/* End PBXFrameworksBuildPhase section */

/* Begin PBXGroup section */
		6641D49D21E535CC00949934 = {
			isa = PBXGroup;
			children = (
				6641D4A821E535CC00949934 /* AlbumObjC */,
				6641D4A721E535CC00949934 /* Products */,
			);
			sourceTree = "<group>";
		};
		6641D4A721E535CC00949934 /* Products */ = {
			isa = PBXGroup;
			children = (
				6641D4A621E535CC00949934 /* AlbumObjC.app */,
			);
			name = Products;
			sourceTree = "<group>";
		};
		6641D4A821E535CC00949934 /* AlbumObjC */ = {
			isa = PBXGroup;
			children = (
				6641D4A921E535CC00949934 /* AppDelegate.h */,
				6641D4AA21E535CC00949934 /* AppDelegate.m */,
				6641D4BF21E5431700949934 /* TableViewController.m */,
				6641D4C121E5432700949934 /* TableViewController.h */,
				6641D4CD21E661C500949934 /* TableModel.h */,
				6641D4CC21E661C500949934 /* TableModel.m */,
				6641D4C621E5480500949934 /* Album.m */,
				6641D4C521E5477000949934 /* Album.h */,
				6641D4AF21E535CC00949934 /* Main.storyboard */,
				6641D4B221E535CC00949934 /* Assets.xcassets */,
				6641D4B421E535CC00949934 /* LaunchScreen.storyboard */,
				6641D4B721E535CC00949934 /* Info.plist */,
				6641D4B821E535CC00949934 /* main.m */,
			);
			path = AlbumObjC;
			sourceTree = "<group>";
		};
/* End PBXGroup section */

/* Begin PBXNativeTarget section */
		6641D4A521E535CC00949934 /* AlbumObjC */ = {
			isa = PBXNativeTarget;
			buildConfigurationList = 6641D4BC21E535CC00949934 /* Build configuration list for PBXNativeTarget "AlbumObjC" */;
			buildPhases = (
				6641D4A221E535CC00949934 /* Sources */,
				6641D4A321E535CC00949934 /* Frameworks */,
				6641D4A421E535CC00949934 /* Resources */,
			);
			buildRules = (
			);
			dependencies = (
			);
			name = AlbumObjC;
			productName = AlbumObjC;
			productReference = 6641D4A621E535CC00949934 /* AlbumObjC.app */;
			productType = "com.apple.product-type.application";
		};
/* End PBXNativeTarget section */

/* Begin PBXProject section */
		6641D49E21E535CC00949934 /* Project object */ = {
			isa = PBXProject;
			attributes = {
				LastUpgradeCheck = 1010;
				ORGANIZATIONNAME = "Ayushi shah";
				TargetAttributes = {
					6641D4A521E535CC00949934 = {
						CreatedOnToolsVersion = 10.1;
					};
				};
			};
			buildConfigurationList = 6641D4A121E535CC00949934 /* Build configuration list for PBXProject "AlbumObjC" */;
			compatibilityVersion = "Xcode 9.3";
			developmentRegion = en;
			hasScannedForEncodings = 0;
			knownRegions = (
				en,
				Base,
			);
			mainGroup = 6641D49D21E535CC00949934;
			productRefGroup = 6641D4A721E535CC00949934 /* Products */;
			projectDirPath = "";
			projectRoot = "";
			targets = (
				6641D4A521E535CC00949934 /* AlbumObjC */,
			);
		};
/* End PBXProject section */

/* Begin PBXResourcesBuildPhase section */
		6641D4A421E535CC00949934 /* Resources */ = {
			isa = PBXResourcesBuildPhase;
			buildActionMask = 2147483647;
			files = (
				6641D4B621E535CC00949934 /* LaunchScreen.storyboard in Resources */,
				6641D4B321E535CC00949934 /* Assets.xcassets in Resources */,
				6641D4B121E535CC00949934 /* Main.storyboard in Resources */,
			);
			runOnlyForDeploymentPostprocessing = 0;
		};
/* End PBXResourcesBuildPhase section */

/* Begin PBXSourcesBuildPhase section */
		6641D4A221E535CC00949934 /* Sources */ = {
			isa = PBXSourcesBuildPhase;
			buildActionMask = 2147483647;
			files = (
				6641D4B921E535CC00949934 /* main.m in Sources */,
				6641D4AB21E535CC00949934 /* AppDelegate.m in Sources */,
				6641D4C721E5480500949934 /* Album.m in Sources */,
				6641D4CE21E661C600949934 /* TableModel.m in Sources */,
				6641D4C021E5431700949934 /* TableViewController.m in Sources */,
			);
			runOnlyForDeploymentPostprocessing = 0;
		};
/* End PBXSourcesBuildPhase section */

/* Begin PBXVariantGroup section */
		6641D4AF21E535CC00949934 /* Main.storyboard */ = {
			isa = PBXVariantGroup;
			children = (
				6641D4B021E535CC00949934 /* Base */,
			);
			name = Main.storyboard;
			sourceTree = "<group>";
		};
		6641D4B421E535CC00949934 /* LaunchScreen.storyboard */ = {
			isa = PBXVariantGroup;
			children = (
				6641D4B521E535CC00949934 /* Base */,
			);
			name = LaunchScreen.storyboard;
			sourceTree = "<group>";
		};
/* End PBXVariantGroup section */

/* Begin XCBuildConfiguration section */
		6641D4BA21E535CC00949934 /* Debug */ = {
			isa = XCBuildConfiguration;
			buildSettings = {
				ALWAYS_SEARCH_USER_PATHS = NO;
				CLANG_ANALYZER_NONNULL = YES;
				CLANG_ANALYZER_NUMBER_OBJECT_CONVERSION = YES_AGGRESSIVE;
				CLANG_CXX_LANGUAGE_STANDARD = "gnu++14";
				CLANG_CXX_LIBRARY = "libc++";
				CLANG_ENABLE_MODULES = YES;
				CLANG_ENABLE_OBJC_ARC = YES;
				CLANG_ENABLE_OBJC_WEAK = YES;
				CLANG_WARN_BLOCK_CAPTURE_AUTORELEASING = YES;
				CLANG_WARN_BOOL_CONVERSION = YES;
				CLANG_WARN_COMMA = YES;
				CLANG_WARN_CONSTANT_CONVERSION = YES;
				CLANG_WARN_DEPRECATED_OBJC_IMPLEMENTATIONS = YES;
				CLANG_WARN_DIRECT_OBJC_ISA_USAGE = YES_ERROR;
				CLANG_WARN_DOCUMENTATION_COMMENTS = YES;
				CLANG_WARN_EMPTY_BODY = YES;
				CLANG_WARN_ENUM_CONVERSION = YES;
				CLANG_WARN_INFINITE_RECURSION = YES;
				CLANG_WARN_INT_CONVERSION = YES;
				CLANG_WARN_NON_LITERAL_NULL_CONVERSION = YES;
				CLANG_WARN_OBJC_IMPLICIT_RETAIN_SELF = YES;
				CLANG_WARN_OBJC_LITERAL_CONVERSION = YES;
				CLANG_WARN_OBJC_ROOT_CLASS = YES_ERROR;
				CLANG_WARN_RANGE_LOOP_ANALYSIS = YES;
				CLANG_WARN_STRICT_PROTOTYPES = YES;
				CLANG_WARN_SUSPICIOUS_MOVE = YES;
				CLANG_WARN_UNGUARDED_AVAILABILITY = YES_AGGRESSIVE;
				CLANG_WARN_UNREACHABLE_CODE = YES;
				CLANG_WARN__DUPLICATE_METHOD_MATCH = YES;
				CODE_SIGN_IDENTITY = "iPhone Developer";
				COPY_PHASE_STRIP = NO;
				DEBUG_INFORMATION_FORMAT = dwarf;
				ENABLE_STRICT_OBJC_MSGSEND = YES;
				ENABLE_TESTABILITY = YES;
				GCC_C_LANGUAGE_STANDARD = gnu11;
				GCC_DYNAMIC_NO_PIC = NO;
				GCC_NO_COMMON_BLOCKS = YES;
				GCC_OPTIMIZATION_LEVEL = 0;
				GCC_PREPROCESSOR_DEFINITIONS = (
					"DEBUG=1",
					"$(inherited)",
				);
				GCC_WARN_64_TO_32_BIT_CONVERSION = YES;
				GCC_WARN_ABOUT_RETURN_TYPE = YES_ERROR;
				GCC_WARN_UNDECLARED_SELECTOR = YES;
				GCC_WARN_UNINITIALIZED_AUTOS = YES_AGGRESSIVE;
				GCC_WARN_UNUSED_FUNCTION = YES;
				GCC_WARN_UNUSED_VARIABLE = YES;
				IPHONEOS_DEPLOYMENT_TARGET = 12.1;
				MTL_ENABLE_DEBUG_INFO = INCLUDE_SOURCE;
				MTL_FAST_MATH = YES;
				ONLY_ACTIVE_ARCH = YES;
				SDKROOT = iphoneos;
			};
			name = Debug;
		};
		6641D4BB21E535CC00949934 /* Release */ = {
			isa = XCBuildConfiguration;
			buildSettings = {
				ALWAYS_SEARCH_USER_PATHS = NO;
				CLANG_ANALYZER_NONNULL = YES;
				CLANG_ANALYZER_NUMBER_OBJECT_CONVERSION = YES_AGGRESSIVE;
				CLANG_CXX_LANGUAGE_STANDARD = "gnu++14";
				CLANG_CXX_LIBRARY = "libc++";
				CLANG_ENABLE_MODULES = YES;
				CLANG_ENABLE_OBJC_ARC = YES;
				CLANG_ENABLE_OBJC_WEAK = YES;
				CLANG_WARN_BLOCK_CAPTURE_AUTORELEASING = YES;
				CLANG_WARN_BOOL_CONVERSION = YES;
				CLANG_WARN_COMMA = YES;
				CLANG_WARN_CONSTANT_CONVERSION = YES;
				CLANG_WARN_DEPRECATED_OBJC_IMPLEMENTATIONS = YES;
				CLANG_WARN_DIRECT_OBJC_ISA_USAGE = YES_ERROR;
				CLANG_WARN_DOCUMENTATION_COMMENTS = YES;
				CLANG_WARN_EMPTY_BODY = YES;
				CLANG_WARN_ENUM_CONVERSION = YES;
				CLANG_WARN_INFINITE_RECURSION = YES;
				CLANG_WARN_INT_CONVERSION = YES;
				CLANG_WARN_NON_LITERAL_NULL_CONVERSION = YES;
				CLANG_WARN_OBJC_IMPLICIT_RETAIN_SELF = YES;
				CLANG_WARN_OBJC_LITERAL_CONVERSION = YES;
				CLANG_WARN_OBJC_ROOT_CLASS = YES_ERROR;
				CLANG_WARN_RANGE_LOOP_ANALYSIS = YES;
				CLANG_WARN_STRICT_PROTOTYPES = YES;
				CLANG_WARN_SUSPICIOUS_MOVE = YES;
				CLANG_WARN_UNGUARDED_AVAILABILITY = YES_AGGRESSIVE;
				CLANG_WARN_UNREACHABLE_CODE = YES;
				CLANG_WARN__DUPLICATE_METHOD_MATCH = YES;
				CODE_SIGN_IDENTITY = "iPhone Developer";
				COPY_PHASE_STRIP = NO;
				DEBUG_INFORMATION_FORMAT = "dwarf-with-dsym";
				ENABLE_NS_ASSERTIONS = NO;
				ENABLE_STRICT_OBJC_MSGSEND = YES;
				GCC_C_LANGUAGE_STANDARD = gnu11;
				GCC_NO_COMMON_BLOCKS = YES;
				GCC_WARN_64_TO_32_BIT_CONVERSION = YES;
				GCC_WARN_ABOUT_RETURN_TYPE = YES_ERROR;
				GCC_WARN_UNDECLARED_SELECTOR = YES;
				GCC_WARN_UNINITIALIZED_AUTOS = YES_AGGRESSIVE;
				GCC_WARN_UNUSED_FUNCTION = YES;
				GCC_WARN_UNUSED_VARIABLE = YES;
				IPHONEOS_DEPLOYMENT_TARGET = 12.1;
				MTL_ENABLE_DEBUG_INFO = NO;
				MTL_FAST_MATH = YES;
				SDKROOT = iphoneos;
				VALIDATE_PRODUCT = YES;
			};
			name = Release;
		};
		6641D4BD21E535CC00949934 /* Debug */ = {
			isa = XCBuildConfiguration;
			buildSettings = {
				ASSETCATALOG_COMPILER_APPICON_NAME = AppIcon;
				CODE_SIGN_STYLE = Automatic;
				INFOPLIST_FILE = AlbumObjC/Info.plist;
				LD_RUNPATH_SEARCH_PATHS = (
					"$(inherited)",
					"@executable_path/Frameworks",
				);
				PRODUCT_BUNDLE_IDENTIFIER = Ayushi.AlbumObjC;
				PRODUCT_NAME = "$(TARGET_NAME)";
				TARGETED_DEVICE_FAMILY = "1,2";
			};
			name = Debug;
		};
		6641D4BE21E535CC00949934 /* Release */ = {
			isa = XCBuildConfiguration;
			buildSettings = {
				ASSETCATALOG_COMPILER_APPICON_NAME = AppIcon;
				CODE_SIGN_STYLE = Automatic;
				INFOPLIST_FILE = AlbumObjC/Info.plist;
				LD_RUNPATH_SEARCH_PATHS = (
					"$(inherited)",
					"@executable_path/Frameworks",
				);
				PRODUCT_BUNDLE_IDENTIFIER = Ayushi.AlbumObjC;
				PRODUCT_NAME = "$(TARGET_NAME)";
				TARGETED_DEVICE_FAMILY = "1,2";
			};
			name = Release;
		};
/* End XCBuildConfiguration section */

/* Begin XCConfigurationList section */
		6641D4A121E535CC00949934 /* Build configuration list for PBXProject "AlbumObjC" */ = {
			isa = XCConfigurationList;
			buildConfigurations = (
				6641D4BA21E535CC00949934 /* Debug */,
				6641D4BB21E535CC00949934 /* Release */,
			);
			defaultConfigurationIsVisible = 0;
			defaultConfigurationName = Release;
		};
		6641D4BC21E535CC00949934 /* Build configuration list for PBXNativeTarget "AlbumObjC" */ = {
			isa = XCConfigurationList;
			buildConfigurations = (
				6641D4BD21E535CC00949934 /* Debug */,
				6641D4BE21E535CC00949934 /* Release */,
			);
			defaultConfigurationIsVisible = 0;
			defaultConfigurationName = Release;
		};
/* End XCConfigurationList section */
	};
	rootObject = 6641D49E21E535CC00949934 /* Project object */;
}
